
Microsoft Visual Studio Solution File, Format Version 12.00
# Visual Studio 15
VisualStudioVersion = 15.0.27703.2000
MinimumVisualStudioVersion = 10.0.40219.1
Project("{FAE04EC0-301F-11D3-BF4B-00C04F79EFBC}") = "DemoConsoleApp", "Demo\DemoConsoleApp\DemoConsoleApp.csproj", "{D18DB05D-F4C4-4388-846A-52BA4B3722D1}"
EndProject
Project("{2150E333-8FDC-42A3-9474-1A3956D46DE8}") = "Solution Items", "Solution Items", "{27FD896B-0D8F-4083-A577-2CA808E4145E}"
	ProjectSection(SolutionItems) = preProject
		LICENSE.txt = LICENSE.txt
		Readme.md = Readme.md
	EndProjectSection
EndProject
Project("{FAE04EC0-301F-11D3-BF4B-00C04F79EFBC}") = "RCNet", "RCNet\RCNet.csproj", "{7F44508E-0B06-4652-9631-4740EA97EFE1}"
EndProject
Global
	GlobalSection(SolutionConfigurationPlatforms) = preSolution
		Debug|Any CPU = Debug|Any CPU
		Release|Any CPU = Release|Any CPU
	EndGlobalSection
	GlobalSection(ProjectConfigurationPlatforms) = postSolution
		{D18DB05D-F4C4-4388-846A-52BA4B3722D1}.Debug|Any CPU.ActiveCfg = Debug|Any CPU
		{D18DB05D-F4C4-4388-846A-52BA4B3722D1}.Debug|Any CPU.Build.0 = Debug|Any CPU
		{D18DB05D-F4C4-4388-846A-52BA4B3722D1}.Release|Any CPU.ActiveCfg = Release|Any CPU
		{D18DB05D-F4C4-4388-846A-52BA4B3722D1}.Release|Any CPU.Build.0 = Release|Any CPU
		{7F44508E-0B06-4652-9631-4740EA97EFE1}.Debug|Any CPU.ActiveCfg = Debug|Any CPU
		{7F44508E-0B06-4652-9631-4740EA97EFE1}.Debug|Any CPU.Build.0 = Debug|Any CPU
		{7F44508E-0B06-4652-9631-4740EA97EFE1}.Release|Any CPU.ActiveCfg = Release|Any CPU
		{7F44508E-0B06-4652-9631-4740EA97EFE1}.Release|Any CPU.Build.0 = Release|Any CPU
	EndGlobalSection
	GlobalSection(SolutionProperties) = preSolution
		HideSolutionNode = FALSE
	EndGlobalSection
	GlobalSection(ExtensibilityGlobals) = postSolution
		SolutionGuid = {FE2CC0EB-F816-4781-8AA1-D373BBAB50FA}
	EndGlobalSection
EndGlobal
